# This file is autogenerated, do not edit; changes may be undone by the next 'dep ensure'.


[[projects]]
  branch = "master"
  name = "github.com/bborbe/assert"
  packages = ["."]
  revision = "765570a0aaf5913880d33fee2dd7e4c52b294021"

[[projects]]
  branch = "master"
  name = "github.com/bborbe/flagenv"
  packages = ["."]
  revision = "62bb8205ca005dac739d47e1100fa133296a7d81"

[[projects]]
  branch = "master"
  name = "github.com/bborbe/io"
  packages = [
    ".",
    "util"
  ]
  revision = "8c22cf733cf166b247318b0786eec0c7cad9208a"

[[projects]]
  branch = "master"
  name = "github.com/bborbe/run"
  packages = ["errors"]
  revision = "9b247b4a1fb4943293540b5bc8e774639d48a153"

[[projects]]
  branch = "master"
  name = "github.com/golang/glog"
  packages = ["."]
  revision = "23def4e6c14b4da8ac2ed8007337bc5eb5007998"

[solve-meta]
  analyzer-name = "dep"
  analyzer-version = 1
  inputs-digest = "daf9647049286028ad54f5b51c30b5502c377466af8e58e5af46904310a43b02"
  solver-name = "gps-cdcl"
  solver-version = 1
